// !$*UTF8*$!
{
	archiveVersion = 1;
	classes = {
	};
	objectVersion = 55;
	objects = {

/* Begin PBXBuildFile section */
		D364173028A031FF0066860A /* AppDelegate.swift in Sources */ = {isa = PBXBuildFile; fileRef = D364172F28A031FF0066860A /* AppDelegate.swift */; };
		D364173228A031FF0066860A /* SceneDelegate.swift in Sources */ = {isa = PBXBuildFile; fileRef = D364173128A031FF0066860A /* SceneDelegate.swift */; };
		D364173428A031FF0066860A /* ViewController.swift in Sources */ = {isa = PBXBuildFile; fileRef = D364173328A031FF0066860A /* ViewController.swift */; };
		D364173728A031FF0066860A /* Main.storyboard in Resources */ = {isa = PBXBuildFile; fileRef = D364173528A031FF0066860A /* Main.storyboard */; };
		D364173928A032020066860A /* Assets.xcassets in Resources */ = {isa = PBXBuildFile; fileRef = D364173828A032020066860A /* Assets.xcassets */; };
		D364173C28A032020066860A /* LaunchScreen.storyboard in Resources */ = {isa = PBXBuildFile; fileRef = D364173A28A032020066860A /* LaunchScreen.storyboard */; };
		D364174728A032020066860A /* Map_Kit_KullanimiTests.swift in Sources */ = {isa = PBXBuildFile; fileRef = D364174628A032020066860A /* Map_Kit_KullanimiTests.swift */; };
		D364175128A032020066860A /* Map_Kit_KullanimiUITests.swift in Sources */ = {isa = PBXBuildFile; fileRef = D364175028A032020066860A /* Map_Kit_KullanimiUITests.swift */; };
		D364175328A032020066860A /* Map_Kit_KullanimiUITestsLaunchTests.swift in Sources */ = {isa = PBXBuildFile; fileRef = D364175228A032020066860A /* Map_Kit_KullanimiUITestsLaunchTests.swift */; };
		D364176128A032380066860A /* MapKit.framework in Frameworks */ = {isa = PBXBuildFile; fileRef = D364176028A032380066860A /* MapKit.framework */; };
/* End PBXBuildFile section */

/* Begin PBXContainerItemProxy section */
		D364174328A032020066860A /* PBXContainerItemProxy */ = {
			isa = PBXContainerItemProxy;
			containerPortal = D364172428A031FF0066860A /* Project object */;
			proxyType = 1;
			remoteGlobalIDString = D364172B28A031FF0066860A;
			remoteInfo = "Map Kit Kullanimi";
		};
		D364174D28A032020066860A /* PBXContainerItemProxy */ = {
			isa = PBXContainerItemProxy;
			containerPortal = D364172428A031FF0066860A /* Project object */;
			proxyType = 1;
			remoteGlobalIDString = D364172B28A031FF0066860A;
			remoteInfo = "Map Kit Kullanimi";
		};
/* End PBXContainerItemProxy section */

/* Begin PBXFileReference section */
		D364172C28A031FF0066860A /* Map Kit Kullanimi.app */ = {isa = PBXFileReference; explicitFileType = wrapper.application; includeInIndex = 0; path = "Map Kit Kullanimi.app"; sourceTree = BUILT_PRODUCTS_DIR; };
		D364172F28A031FF0066860A /* AppDelegate.swift */ = {isa = PBXFileReference; lastKnownFileType = sourcecode.swift; path = AppDelegate.swift; sourceTree = "<group>"; };
		D364173128A031FF0066860A /* SceneDelegate.swift */ = {isa = PBXFileReference; lastKnownFileType = sourcecode.swift; path = SceneDelegate.swift; sourceTree = "<group>"; };
		D364173328A031FF0066860A /* ViewController.swift */ = {isa = PBXFileReference; lastKnownFileType = sourcecode.swift; path = ViewController.swift; sourceTree = "<group>"; };
		D364173628A031FF0066860A /* Base */ = {isa = PBXFileReference; lastKnownFileType = file.storyboard; name = Base; path = Base.lproj/Main.storyboard; sourceTree = "<group>"; };
		D364173828A032020066860A /* Assets.xcassets */ = {isa = PBXFileReference; lastKnownFileType = folder.assetcatalog; path = Assets.xcassets; sourceTree = "<group>"; };
		D364173B28A032020066860A /* Base */ = {isa = PBXFileReference; lastKnownFileType = file.storyboard; name = Base; path = Base.lproj/LaunchScreen.storyboard; sourceTree = "<group>"; };
		D364173D28A032020066860A /* Info.plist */ = {isa = PBXFileReference; lastKnownFileType = text.plist.xml; path = Info.plist; sourceTree = "<group>"; };
		D364174228A032020066860A /* Map Kit KullanimiTests.xctest */ = {isa = PBXFileReference; explicitFileType = wrapper.cfbundle; includeInIndex = 0; path = "Map Kit KullanimiTests.xctest"; sourceTree = BUILT_PRODUCTS_DIR; };
		D364174628A032020066860A /* Map_Kit_KullanimiTests.swift */ = {isa = PBXFileReference; lastKnownFileType = sourcecode.swift; path = Map_Kit_KullanimiTests.swift; sourceTree = "<group>"; };
		D364174C28A032020066860A /* Map Kit KullanimiUITests.xctest */ = {isa = PBXFileReference; explicitFileType = wrapper.cfbundle; includeInIndex = 0; path = "Map Kit KullanimiUITests.xctest"; sourceTree = BUILT_PRODUCTS_DIR; };
		D364175028A032020066860A /* Map_Kit_KullanimiUITests.swift */ = {isa = PBXFileReference; lastKnownFileType = sourcecode.swift; path = Map_Kit_KullanimiUITests.swift; sourceTree = "<group>"; };
		D364175228A032020066860A /* Map_Kit_KullanimiUITestsLaunchTests.swift */ = {isa = PBXFileReference; lastKnownFileType = sourcecode.swift; path = Map_Kit_KullanimiUITestsLaunchTests.swift; sourceTree = "<group>"; };
		D364176028A032380066860A /* MapKit.framework */ = {isa = PBXFileReference; lastKnownFileType = wrapper.framework; name = MapKit.framework; path = System/Library/Frameworks/MapKit.framework; sourceTree = SDKROOT; };
/* End PBXFileReference section */

/* Begin PBXFrameworksBuildPhase section */
		D364172928A031FF0066860A /* Frameworks */ = {
			isa = PBXFrameworksBuildPhase;
			buildActionMask = 2147483647;
			files = (
				D364176128A032380066860A /* MapKit.framework in Frameworks */,
			);
			runOnlyForDeploymentPostprocessing = 0;
		};
		D364173F28A032020066860A /* Frameworks */ = {
			isa = PBXFrameworksBuildPhase;
			buildActionMask = 2147483647;
			files = (
			);
			runOnlyForDeploymentPostprocessing = 0;
		};
		D364174928A032020066860A /* Frameworks */ = {
			isa = PBXFrameworksBuildPhase;
			buildActionMask = 2147483647;
			files = (
			);
			runOnlyForDeploymentPostprocessing = 0;
		};
/* End PBXFrameworksBuildPhase section */

/* Begin PBXGroup section */
		D364172328A031FF0066860A = {
			isa = PBXGroup;
			children = (
				D364172E28A031FF0066860A /* Map Kit Kullanimi */,
				D364174528A032020066860A /* Map Kit KullanimiTests */,
				D364174F28A032020066860A /* Map Kit KullanimiUITests */,
				D364172D28A031FF0066860A /* Products */,
				D364175F28A032380066860A /* Frameworks */,
			);
			sourceTree = "<group>";
		};
		D364172D28A031FF0066860A /* Products */ = {
			isa = PBXGroup;
			children = (
				D364172C28A031FF0066860A /* Map Kit Kullanimi.app */,
				D364174228A032020066860A /* Map Kit KullanimiTests.xctest */,
				D364174C28A032020066860A /* Map Kit KullanimiUITests.xctest */,
			);
			name = Products;
			sourceTree = "<group>";
		};
		D364172E28A031FF0066860A /* Map Kit Kullanimi */ = {
			isa = PBXGroup;
			children = (
				D364172F28A031FF0066860A /* AppDelegate.swift */,
				D364173128A031FF0066860A /* SceneDelegate.swift */,
				D364173328A031FF0066860A /* ViewController.swift */,
				D364173528A031FF0066860A /* Main.storyboard */,
				D364173828A032020066860A /* Assets.xcassets */,
				D364173A28A032020066860A /* LaunchScreen.storyboard */,
				D364173D28A032020066860A /* Info.plist */,
			);
			path = "Map Kit Kullanimi";
			sourceTree = "<group>";
		};
		D364174528A032020066860A /* Map Kit KullanimiTests */ = {
			isa = PBXGroup;
			children = (
				D364174628A032020066860A /* Map_Kit_KullanimiTests.swift */,
			);
			path = "Map Kit KullanimiTests";
			sourceTree = "<group>";
		};
		D364174F28A032020066860A /* Map Kit KullanimiUITests */ = {
			isa = PBXGroup;
			children = (
				D364175028A032020066860A /* Map_Kit_KullanimiUITests.swift */,
				D364175228A032020066860A /* Map_Kit_KullanimiUITestsLaunchTests.swift */,
			);
			path = "Map Kit KullanimiUITests";
			sourceTree = "<group>";
		};
		D364175F28A032380066860A /* Frameworks */ = {
			isa = PBXGroup;
			children = (
				D364176028A032380066860A /* MapKit.framework */,
			);
			name = Frameworks;
			sourceTree = "<group>";
		};
/* End PBXGroup section */

/* Begin PBXNativeTarget section */
		D364172B28A031FF0066860A /* Map Kit Kullanimi */ = {
			isa = PBXNativeTarget;
			buildConfigurationList = D364175628A032020066860A /* Build configuration list for PBXNativeTarget "Map Kit Kullanimi" */;
			buildPhases = (
				D364172828A031FF0066860A /* Sources */,
				D364172928A031FF0066860A /* Frameworks */,
				D364172A28A031FF0066860A /* Resources */,
			);
			buildRules = (
			);
			dependencies = (
			);
			name = "Map Kit Kullanimi";
			productName = "Map Kit Kullanimi";
			productReference = D364172C28A031FF0066860A /* Map Kit Kullanimi.app */;
			productType = "com.apple.product-type.application";
		};
		D364174128A032020066860A /* Map Kit KullanimiTests */ = {
			isa = PBXNativeTarget;
			buildConfigurationList = D364175928A032020066860A /* Build configuration list for PBXNativeTarget "Map Kit KullanimiTests" */;
			buildPhases = (
				D364173E28A032020066860A /* Sources */,
				D364173F28A032020066860A /* Frameworks */,
				D364174028A032020066860A /* Resources */,
			);
			buildRules = (
			);
			dependencies = (
				D364174428A032020066860A /* PBXTargetDependency */,
			);
			name = "Map Kit KullanimiTests";
			productName = "Map Kit KullanimiTests";
			productReference = D364174228A032020066860A /* Map Kit KullanimiTests.xctest */;
			productType = "com.apple.product-type.bundle.unit-test";
		};
		D364174B28A032020066860A /* Map Kit KullanimiUITests */ = {
			isa = PBXNativeTarget;
			buildConfigurationList = D364175C28A032020066860A /* Build configuration list for PBXNativeTarget "Map Kit KullanimiUITests" */;
			buildPhases = (
				D364174828A032020066860A /* Sources */,
				D364174928A032020066860A /* Frameworks */,
				D364174A28A032020066860A /* Resources */,
			);
			buildRules = (
			);
			dependencies = (
				D364174E28A032020066860A /* PBXTargetDependency */,
			);
			name = "Map Kit KullanimiUITests";
			productName = "Map Kit KullanimiUITests";
			productReference = D364174C28A032020066860A /* Map Kit KullanimiUITests.xctest */;
			productType = "com.apple.product-type.bundle.ui-testing";
		};
/* End PBXNativeTarget section */

/* Begin PBXProject section */
		D364172428A031FF0066860A /* Project object */ = {
			isa = PBXProject;
			attributes = {
				BuildIndependentTargetsInParallel = 1;
				LastSwiftUpdateCheck = 1340;
				LastUpgradeCheck = 1340;
				TargetAttributes = {
					D364172B28A031FF0066860A = {
						CreatedOnToolsVersion = 13.4.1;
					};
					D364174128A032020066860A = {
						CreatedOnToolsVersion = 13.4.1;
						TestTargetID = D364172B28A031FF0066860A;
					};
					D364174B28A032020066860A = {
						CreatedOnToolsVersion = 13.4.1;
						TestTargetID = D364172B28A031FF0066860A;
					};
				};
			};
			buildConfigurationList = D364172728A031FF0066860A /* Build configuration list for PBXProject "Map Kit Kullanimi" */;
			compatibilityVersion = "Xcode 13.0";
			developmentRegion = en;
			hasScannedForEncodings = 0;
			knownRegions = (
				en,
				Base,
			);
			mainGroup = D364172328A031FF0066860A;
			productRefGroup = D364172D28A031FF0066860A /* Products */;
			projectDirPath = "";
			projectRoot = "";
			targets = (
				D364172B28A031FF0066860A /* Map Kit Kullanimi */,
				D364174128A032020066860A /* Map Kit KullanimiTests */,
				D364174B28A032020066860A /* Map Kit KullanimiUITests */,
			);
		};
/* End PBXProject section */

/* Begin PBXResourcesBuildPhase section */
		D364172A28A031FF0066860A /* Resources */ = {
			isa = PBXResourcesBuildPhase;
			buildActionMask = 2147483647;
			files = (
				D364173C28A032020066860A /* LaunchScreen.storyboard in Resources */,
				D364173928A032020066860A /* Assets.xcassets in Resources */,
				D364173728A031FF0066860A /* Main.storyboard in Resources */,
			);
			runOnlyForDeploymentPostprocessing = 0;
		};
		D364174028A032020066860A /* Resources */ = {
			isa = PBXResourcesBuildPhase;
			buildActionMask = 2147483647;
			files = (
			);
			runOnlyForDeploymentPostprocessing = 0;
		};
		D364174A28A032020066860A /* Resources */ = {
			isa = PBXResourcesBuildPhase;
			buildActionMask = 2147483647;
			files = (
			);
			runOnlyForDeploymentPostprocessing = 0;
		};
/* End PBXResourcesBuildPhase section */

/* Begin PBXSourcesBuildPhase section */
		D364172828A031FF0066860A /* Sources */ = {
			isa = PBXSourcesBuildPhase;
			buildActionMask = 2147483647;
			files = (
				D364173428A031FF0066860A /* ViewController.swift in Sources */,
				D364173028A031FF0066860A /* AppDelegate.swift in Sources */,
				D364173228A031FF0066860A /* SceneDelegate.swift in Sources */,
			);
			runOnlyForDeploymentPostprocessing = 0;
		};
		D364173E28A032020066860A /* Sources */ = {
			isa = PBXSourcesBuildPhase;
			buildActionMask = 2147483647;
			files = (
				D364174728A032020066860A /* Map_Kit_KullanimiTests.swift in Sources */,
			);
			runOnlyForDeploymentPostprocessing = 0;
		};
		D364174828A032020066860A /* Sources */ = {
			isa = PBXSourcesBuildPhase;
			buildActionMask = 2147483647;
			files = (
				D364175128A032020066860A /* Map_Kit_KullanimiUITests.swift in Sources */,
				D364175328A032020066860A /* Map_Kit_KullanimiUITestsLaunchTests.swift in Sources */,
			);
			runOnlyForDeploymentPostprocessing = 0;
		};
/* End PBXSourcesBuildPhase section */

/* Begin PBXTargetDependency section */
		D364174428A032020066860A /* PBXTargetDependency */ = {
			isa = PBXTargetDependency;
			target = D364172B28A031FF0066860A /* Map Kit Kullanimi */;
			targetProxy = D364174328A032020066860A /* PBXContainerItemProxy */;
		};
		D364174E28A032020066860A /* PBXTargetDependency */ = {
			isa = PBXTargetDependency;
			target = D364172B28A031FF0066860A /* Map Kit Kullanimi */;
			targetProxy = D364174D28A032020066860A /* PBXContainerItemProxy */;
		};
/* End PBXTargetDependency section */

/* Begin PBXVariantGroup section */
		D364173528A031FF0066860A /* Main.storyboard */ = {
			isa = PBXVariantGroup;
			children = (
				D364173628A031FF0066860A /* Base */,
			);
			name = Main.storyboard;
			sourceTree = "<group>";
		};
		D364173A28A032020066860A /* LaunchScreen.storyboard */ = {
			isa = PBXVariantGroup;
			children = (
				D364173B28A032020066860A /* Base */,
			);
			name = LaunchScreen.storyboard;
			sourceTree = "<group>";
		};
/* End PBXVariantGroup section */

/* Begin XCBuildConfiguration section */
		D364175428A032020066860A /* Debug */ = {
			isa = XCBuildConfiguration;
			buildSettings = {
				ALWAYS_SEARCH_USER_PATHS = NO;
				CLANG_ANALYZER_NONNULL = YES;
				CLANG_ANALYZER_NUMBER_OBJECT_CONVERSION = YES_AGGRESSIVE;
				CLANG_CXX_LANGUAGE_STANDARD = "gnu++17";
				CLANG_ENABLE_MODULES = YES;
				CLANG_ENABLE_OBJC_ARC = YES;
				CLANG_ENABLE_OBJC_WEAK = YES;
				CLANG_WARN_BLOCK_CAPTURE_AUTORELEASING = YES;
				CLANG_WARN_BOOL_CONVERSION = YES;
				CLANG_WARN_COMMA = YES;
				CLANG_WARN_CONSTANT_CONVERSION = YES;
				CLANG_WARN_DEPRECATED_OBJC_IMPLEMENTATIONS = YES;
				CLANG_WARN_DIRECT_OBJC_ISA_USAGE = YES_ERROR;
				CLANG_WARN_DOCUMENTATION_COMMENTS = YES;
				CLANG_WARN_EMPTY_BODY = YES;
				CLANG_WARN_ENUM_CONVERSION = YES;
				CLANG_WARN_INFINITE_RECURSION = YES;
				CLANG_WARN_INT_CONVERSION = YES;
				CLANG_WARN_NON_LITERAL_NULL_CONVERSION = YES;
				CLANG_WARN_OBJC_IMPLICIT_RETAIN_SELF = YES;
				CLANG_WARN_OBJC_LITERAL_CONVERSION = YES;
				CLANG_WARN_OBJC_ROOT_CLASS = YES_ERROR;
				CLANG_WARN_QUOTED_INCLUDE_IN_FRAMEWORK_HEADER = YES;
				CLANG_WARN_RANGE_LOOP_ANALYSIS = YES;
				CLANG_WARN_STRICT_PROTOTYPES = YES;
				CLANG_WARN_SUSPICIOUS_MOVE = YES;
				CLANG_WARN_UNGUARDED_AVAILABILITY = YES_AGGRESSIVE;
				CLANG_WARN_UNREACHABLE_CODE = YES;
				CLANG_WARN__DUPLICATE_METHOD_MATCH = YES;
				COPY_PHASE_STRIP = NO;
				DEBUG_INFORMATION_FORMAT = dwarf;
				ENABLE_STRICT_OBJC_MSGSEND = YES;
				ENABLE_TESTABILITY = YES;
				GCC_C_LANGUAGE_STANDARD = gnu11;
				GCC_DYNAMIC_NO_PIC = NO;
				GCC_NO_COMMON_BLOCKS = YES;
				GCC_OPTIMIZATION_LEVEL = 0;
				GCC_PREPROCESSOR_DEFINITIONS = (
					"DEBUG=1",
					"$(inherited)",
				);
				GCC_WARN_64_TO_32_BIT_CONVERSION = YES;
				GCC_WARN_ABOUT_RETURN_TYPE = YES_ERROR;
				GCC_WARN_UNDECLARED_SELECTOR = YES;
				GCC_WARN_UNINITIALIZED_AUTOS = YES_AGGRESSIVE;
				GCC_WARN_UNUSED_FUNCTION = YES;
				GCC_WARN_UNUSED_VARIABLE = YES;
				IPHONEOS_DEPLOYMENT_TARGET = 15.5;
				MTL_ENABLE_DEBUG_INFO = INCLUDE_SOURCE;
				MTL_FAST_MATH = YES;
				ONLY_ACTIVE_ARCH = YES;
				SDKROOT = iphoneos;
				SWIFT_ACTIVE_COMPILATION_CONDITIONS = DEBUG;
				SWIFT_OPTIMIZATION_LEVEL = "-Onone";
			};
			name = Debug;
		};
		D364175528A032020066860A /* Release */ = {
			isa = XCBuildConfiguration;
			buildSettings = {
				ALWAYS_SEARCH_USER_PATHS = NO;
				CLANG_ANALYZER_NONNULL = YES;
				CLANG_ANALYZER_NUMBER_OBJECT_CONVERSION = YES_AGGRESSIVE;
				CLANG_CXX_LANGUAGE_STANDARD = "gnu++17";
				CLANG_ENABLE_MODULES = YES;
				CLANG_ENABLE_OBJC_ARC = YES;
				CLANG_ENABLE_OBJC_WEAK = YES;
				CLANG_WARN_BLOCK_CAPTURE_AUTORELEASING = YES;
				CLANG_WARN_BOOL_CONVERSION = YES;
				CLANG_WARN_COMMA = YES;
				CLANG_WARN_CONSTANT_CONVERSION = YES;
				CLANG_WARN_DEPRECATED_OBJC_IMPLEMENTATIONS = YES;
				CLANG_WARN_DIRECT_OBJC_ISA_USAGE = YES_ERROR;
				CLANG_WARN_DOCUMENTATION_COMMENTS = YES;
				CLANG_WARN_EMPTY_BODY = YES;
				CLANG_WARN_ENUM_CONVERSION = YES;
				CLANG_WARN_INFINITE_RECURSION = YES;
				CLANG_WARN_INT_CONVERSION = YES;
				CLANG_WARN_NON_LITERAL_NULL_CONVERSION = YES;
				CLANG_WARN_OBJC_IMPLICIT_RETAIN_SELF = YES;
				CLANG_WARN_OBJC_LITERAL_CONVERSION = YES;
				CLANG_WARN_OBJC_ROOT_CLASS = YES_ERROR;
				CLANG_WARN_QUOTED_INCLUDE_IN_FRAMEWORK_HEADER = YES;
				CLANG_WARN_RANGE_LOOP_ANALYSIS = YES;
				CLANG_WARN_STRICT_PROTOTYPES = YES;
				CLANG_WARN_SUSPICIOUS_MOVE = YES;
				CLANG_WARN_UNGUARDED_AVAILABILITY = YES_AGGRESSIVE;
				CLANG_WARN_UNREACHABLE_CODE = YES;
				CLANG_WARN__DUPLICATE_METHOD_MATCH = YES;
				COPY_PHASE_STRIP = NO;
				DEBUG_INFORMATION_FORMAT = "dwarf-with-dsym";
				ENABLE_NS_ASSERTIONS = NO;
				ENABLE_STRICT_OBJC_MSGSEND = YES;
				GCC_C_LANGUAGE_STANDARD = gnu11;
				GCC_NO_COMMON_BLOCKS = YES;
				GCC_WARN_64_TO_32_BIT_CONVERSION = YES;
				GCC_WARN_ABOUT_RETURN_TYPE = YES_ERROR;
				GCC_WARN_UNDECLARED_SELECTOR = YES;
				GCC_WARN_UNINITIALIZED_AUTOS = YES_AGGRESSIVE;
				GCC_WARN_UNUSED_FUNCTION = YES;
				GCC_WARN_UNUSED_VARIABLE = YES;
				IPHONEOS_DEPLOYMENT_TARGET = 15.5;
				MTL_ENABLE_DEBUG_INFO = NO;
				MTL_FAST_MATH = YES;
				SDKROOT = iphoneos;
				SWIFT_COMPILATION_MODE = wholemodule;
				SWIFT_OPTIMIZATION_LEVEL = "-O";
				VALIDATE_PRODUCT = YES;
			};
			name = Release;
		};
		D364175728A032020066860A /* Debug */ = {
			isa = XCBuildConfiguration;
			buildSettings = {
				ASSETCATALOG_COMPILER_APPICON_NAME = AppIcon;
				ASSETCATALOG_COMPILER_GLOBAL_ACCENT_COLOR_NAME = AccentColor;
				CODE_SIGN_STYLE = Automatic;
				CURRENT_PROJECT_VERSION = 1;
				GENERATE_INFOPLIST_FILE = YES;
				INFOPLIST_FILE = "Map Kit Kullanimi/Info.plist";
				INFOPLIST_KEY_UIApplicationSupportsIndirectInputEvents = YES;
				INFOPLIST_KEY_UILaunchStoryboardName = LaunchScreen;
				INFOPLIST_KEY_UIMainStoryboardFile = Main;
				INFOPLIST_KEY_UISupportedInterfaceOrientations_iPad = "UIInterfaceOrientationPortrait UIInterfaceOrientationPortraitUpsideDown UIInterfaceOrientationLandscapeLeft UIInterfaceOrientationLandscapeRight";
				INFOPLIST_KEY_UISupportedInterfaceOrientations_iPhone = "UIInterfaceOrientationPortrait UIInterfaceOrientationLandscapeLeft UIInterfaceOrientationLandscapeRight";
				LD_RUNPATH_SEARCH_PATHS = (
					"$(inherited)",
					"@executable_path/Frameworks",
				);
				MARKETING_VERSION = 1.0;
				PRODUCT_BUNDLE_IDENTIFIER = "info.Map-Kit-Kullanimi";
				PRODUCT_NAME = "$(TARGET_NAME)";
				SWIFT_EMIT_LOC_STRINGS = YES;
				SWIFT_VERSION = 5.0;
				TARGETED_DEVICE_FAMILY = "1,2";
			};
			name = Debug;
		};
		D364175828A032020066860A /* Release */ = {
			isa = XCBuildConfiguration;
			buildSettings = {
				ASSETCATALOG_COMPILER_APPICON_NAME = AppIcon;
				ASSETCATALOG_COMPILER_GLOBAL_ACCENT_COLOR_NAME = AccentColor;
				CODE_SIGN_STYLE = Automatic;
				CURRENT_PROJECT_VERSION = 1;
				GENERATE_INFOPLIST_FILE = YES;
				INFOPLIST_FILE = "Map Kit Kullanimi/Info.plist";
				INFOPLIST_KEY_UIApplicationSupportsIndirectInputEvents = YES;
				INFOPLIST_KEY_UILaunchStoryboardName = LaunchScreen;
				INFOPLIST_KEY_UIMainStoryboardFile = Main;
				INFOPLIST_KEY_UISupportedInterfaceOrientations_iPad = "UIInterfaceOrientationPortrait UIInterfaceOrientationPortraitUpsideDown UIInterfaceOrientationLandscapeLeft UIInterfaceOrientationLandscapeRight";
				INFOPLIST_KEY_UISupportedInterfaceOrientations_iPhone = "UIInterfaceOrientationPortrait UIInterfaceOrientationLandscapeLeft UIInterfaceOrientationLandscapeRight";
				LD_RUNPATH_SEARCH_PATHS = (
					"$(inherited)",
					"@executable_path/Frameworks",
				);
				MARKETING_VERSION = 1.0;
				PRODUCT_BUNDLE_IDENTIFIER = "info.Map-Kit-Kullanimi";
				PRODUCT_NAME = "$(TARGET_NAME)";
				SWIFT_EMIT_LOC_STRINGS = YES;
				SWIFT_VERSION = 5.0;
				TARGETED_DEVICE_FAMILY = "1,2";
			};
			name = Release;
		};
		D364175A28A032020066860A /* Debug */ = {
			isa = XCBuildConfiguration;
			buildSettings = {
				ALWAYS_EMBED_SWIFT_STANDARD_LIBRARIES = YES;
				BUNDLE_LOADER = "$(TEST_HOST)";
				CODE_SIGN_STYLE = Automatic;
				CURRENT_PROJECT_VERSION = 1;
				GENERATE_INFOPLIST_FILE = YES;
				IPHONEOS_DEPLOYMENT_TARGET = 15.5;
				MARKETING_VERSION = 1.0;
				PRODUCT_BUNDLE_IDENTIFIER = "info.Map-Kit-KullanimiTests";
				PRODUCT_NAME = "$(TARGET_NAME)";
				SWIFT_EMIT_LOC_STRINGS = NO;
				SWIFT_VERSION = 5.0;
				TARGETED_DEVICE_FAMILY = "1,2";
				TEST_HOST = "$(BUILT_PRODUCTS_DIR)/Map Kit Kullanimi.app/Map Kit Kullanimi";
			};
			name = Debug;
		};
		D364175B28A032020066860A /* Release */ = {
			isa = XCBuildConfiguration;
			buildSettings = {
				ALWAYS_EMBED_SWIFT_STANDARD_LIBRARIES = YES;
				BUNDLE_LOADER = "$(TEST_HOST)";
				CODE_SIGN_STYLE = Automatic;
				CURRENT_PROJECT_VERSION = 1;
				GENERATE_INFOPLIST_FILE = YES;
				IPHONEOS_DEPLOYMENT_TARGET = 15.5;
				MARKETING_VERSION = 1.0;
				PRODUCT_BUNDLE_IDENTIFIER = "info.Map-Kit-KullanimiTests";
				PRODUCT_NAME = "$(TARGET_NAME)";
				SWIFT_EMIT_LOC_STRINGS = NO;
				SWIFT_VERSION = 5.0;
				TARGETED_DEVICE_FAMILY = "1,2";
				TEST_HOST = "$(BUILT_PRODUCTS_DIR)/Map Kit Kullanimi.app/Map Kit Kullanimi";
			};
			name = Release;
		};
		D364175D28A032020066860A /* Debug */ = {
			isa = XCBuildConfiguration;
			buildSettings = {
				ALWAYS_EMBED_SWIFT_STANDARD_LIBRARIES = YES;
				CODE_SIGN_STYLE = Automatic;
				CURRENT_PROJECT_VERSION = 1;
				GENERATE_INFOPLIST_FILE = YES;
				MARKETING_VERSION = 1.0;
				PRODUCT_BUNDLE_IDENTIFIER = "info.Map-Kit-KullanimiUITests";
				PRODUCT_NAME = "$(TARGET_NAME)";
				SWIFT_EMIT_LOC_STRINGS = NO;
				SWIFT_VERSION = 5.0;
				TARGETED_DEVICE_FAMILY = "1,2";
				TEST_TARGET_NAME = "Map Kit Kullanimi";
			};
			name = Debug;
		};
		D364175E28A032020066860A /* Release */ = {
			isa = XCBuildConfiguration;
			buildSettings = {
				ALWAYS_EMBED_SWIFT_STANDARD_LIBRARIES = YES;
				CODE_SIGN_STYLE = Automatic;
				CURRENT_PROJECT_VERSION = 1;
				GENERATE_INFOPLIST_FILE = YES;
				MARKETING_VERSION = 1.0;
				PRODUCT_BUNDLE_IDENTIFIER = "info.Map-Kit-KullanimiUITests";
				PRODUCT_NAME = "$(TARGET_NAME)";
				SWIFT_EMIT_LOC_STRINGS = NO;
				SWIFT_VERSION = 5.0;
				TARGETED_DEVICE_FAMILY = "1,2";
				TEST_TARGET_NAME = "Map Kit Kullanimi";
			};
			name = Release;
		};
/* End XCBuildConfiguration section */

/* Begin XCConfigurationList section */
		D364172728A031FF0066860A /* Build configuration list for PBXProject "Map Kit Kullanimi" */ = {
			isa = XCConfigurationList;
			buildConfigurations = (
				D364175428A032020066860A /* Debug */,
				D364175528A032020066860A /* Release */,
			);
			defaultConfigurationIsVisible = 0;
			defaultConfigurationName = Release;
		};
		D364175628A032020066860A /* Build configuration list for PBXNativeTarget "Map Kit Kullanimi" */ = {
			isa = XCConfigurationList;
			buildConfigurations = (
				D364175728A032020066860A /* Debug */,
				D364175828A032020066860A /* Release */,
			);
			defaultConfigurationIsVisible = 0;
			defaultConfigurationName = Release;
		};
		D364175928A032020066860A /* Build configuration list for PBXNativeTarget "Map Kit KullanimiTests" */ = {
			isa = XCConfigurationList;
			buildConfigurations = (
				D364175A28A032020066860A /* Debug */,
				D364175B28A032020066860A /* Release */,
			);
			defaultConfigurationIsVisible = 0;
			defaultConfigurationName = Release;
		};
		D364175C28A032020066860A /* Build configuration list for PBXNativeTarget "Map Kit KullanimiUITests" */ = {
			isa = XCConfigurationList;
			buildConfigurations = (
				D364175D28A032020066860A /* Debug */,
				D364175E28A032020066860A /* Release */,
			);
			defaultConfigurationIsVisible = 0;
			defaultConfigurationName = Release;
		};
/* End XCConfigurationList section */
	};
	rootObject = D364172428A031FF0066860A /* Project object */;
}
