// !$*UTF8*$!
{
	archiveVersion = 1;
	classes = {
	};
	objectVersion = 55;
	objects = {

/* Begin PBXBuildFile section */
		D32B1D482886E9C800DAE92E /* AppDelegate.swift in Sources */ = {isa = PBXBuildFile; fileRef = D32B1D472886E9C800DAE92E /* AppDelegate.swift */; };
		D32B1D4A2886E9C800DAE92E /* SceneDelegate.swift in Sources */ = {isa = PBXBuildFile; fileRef = D32B1D492886E9C800DAE92E /* SceneDelegate.swift */; };
		D32B1D4C2886E9C800DAE92E /* ViewController.swift in Sources */ = {isa = PBXBuildFile; fileRef = D32B1D4B2886E9C800DAE92E /* ViewController.swift */; };
		D32B1D4F2886E9C800DAE92E /* Main.storyboard in Resources */ = {isa = PBXBuildFile; fileRef = D32B1D4D2886E9C800DAE92E /* Main.storyboard */; };
		D32B1D512886E9CA00DAE92E /* Assets.xcassets in Resources */ = {isa = PBXBuildFile; fileRef = D32B1D502886E9CA00DAE92E /* Assets.xcassets */; };
		D32B1D542886E9CA00DAE92E /* LaunchScreen.storyboard in Resources */ = {isa = PBXBuildFile; fileRef = D32B1D522886E9CA00DAE92E /* LaunchScreen.storyboard */; };
		D32B1D5F2886E9CA00DAE92E /* Yemek_TarifiTests.swift in Sources */ = {isa = PBXBuildFile; fileRef = D32B1D5E2886E9CA00DAE92E /* Yemek_TarifiTests.swift */; };
		D32B1D692886E9CA00DAE92E /* Yemek_TarifiUITests.swift in Sources */ = {isa = PBXBuildFile; fileRef = D32B1D682886E9CA00DAE92E /* Yemek_TarifiUITests.swift */; };
		D32B1D6B2886E9CA00DAE92E /* Yemek_TarifiUITestsLaunchTests.swift in Sources */ = {isa = PBXBuildFile; fileRef = D32B1D6A2886E9CA00DAE92E /* Yemek_TarifiUITestsLaunchTests.swift */; };
/* End PBXBuildFile section */

/* Begin PBXContainerItemProxy section */
		D32B1D5B2886E9CA00DAE92E /* PBXContainerItemProxy */ = {
			isa = PBXContainerItemProxy;
			containerPortal = D32B1D3C2886E9C800DAE92E /* Project object */;
			proxyType = 1;
			remoteGlobalIDString = D32B1D432886E9C800DAE92E;
			remoteInfo = "Yemek Tarifi";
		};
		D32B1D652886E9CA00DAE92E /* PBXContainerItemProxy */ = {
			isa = PBXContainerItemProxy;
			containerPortal = D32B1D3C2886E9C800DAE92E /* Project object */;
			proxyType = 1;
			remoteGlobalIDString = D32B1D432886E9C800DAE92E;
			remoteInfo = "Yemek Tarifi";
		};
/* End PBXContainerItemProxy section */

/* Begin PBXFileReference section */
		D32B1D442886E9C800DAE92E /* Yemek Tarifi.app */ = {isa = PBXFileReference; explicitFileType = wrapper.application; includeInIndex = 0; path = "Yemek Tarifi.app"; sourceTree = BUILT_PRODUCTS_DIR; };
		D32B1D472886E9C800DAE92E /* AppDelegate.swift */ = {isa = PBXFileReference; lastKnownFileType = sourcecode.swift; path = AppDelegate.swift; sourceTree = "<group>"; };
		D32B1D492886E9C800DAE92E /* SceneDelegate.swift */ = {isa = PBXFileReference; lastKnownFileType = sourcecode.swift; path = SceneDelegate.swift; sourceTree = "<group>"; };
		D32B1D4B2886E9C800DAE92E /* ViewController.swift */ = {isa = PBXFileReference; lastKnownFileType = sourcecode.swift; path = ViewController.swift; sourceTree = "<group>"; };
		D32B1D4E2886E9C800DAE92E /* Base */ = {isa = PBXFileReference; lastKnownFileType = file.storyboard; name = Base; path = Base.lproj/Main.storyboard; sourceTree = "<group>"; };
		D32B1D502886E9CA00DAE92E /* Assets.xcassets */ = {isa = PBXFileReference; lastKnownFileType = folder.assetcatalog; path = Assets.xcassets; sourceTree = "<group>"; };
		D32B1D532886E9CA00DAE92E /* Base */ = {isa = PBXFileReference; lastKnownFileType = file.storyboard; name = Base; path = Base.lproj/LaunchScreen.storyboard; sourceTree = "<group>"; };
		D32B1D552886E9CA00DAE92E /* Info.plist */ = {isa = PBXFileReference; lastKnownFileType = text.plist.xml; path = Info.plist; sourceTree = "<group>"; };
		D32B1D5A2886E9CA00DAE92E /* Yemek TarifiTests.xctest */ = {isa = PBXFileReference; explicitFileType = wrapper.cfbundle; includeInIndex = 0; path = "Yemek TarifiTests.xctest"; sourceTree = BUILT_PRODUCTS_DIR; };
		D32B1D5E2886E9CA00DAE92E /* Yemek_TarifiTests.swift */ = {isa = PBXFileReference; lastKnownFileType = sourcecode.swift; path = Yemek_TarifiTests.swift; sourceTree = "<group>"; };
		D32B1D642886E9CA00DAE92E /* Yemek TarifiUITests.xctest */ = {isa = PBXFileReference; explicitFileType = wrapper.cfbundle; includeInIndex = 0; path = "Yemek TarifiUITests.xctest"; sourceTree = BUILT_PRODUCTS_DIR; };
		D32B1D682886E9CA00DAE92E /* Yemek_TarifiUITests.swift */ = {isa = PBXFileReference; lastKnownFileType = sourcecode.swift; path = Yemek_TarifiUITests.swift; sourceTree = "<group>"; };
		D32B1D6A2886E9CA00DAE92E /* Yemek_TarifiUITestsLaunchTests.swift */ = {isa = PBXFileReference; lastKnownFileType = sourcecode.swift; path = Yemek_TarifiUITestsLaunchTests.swift; sourceTree = "<group>"; };
/* End PBXFileReference section */

/* Begin PBXFrameworksBuildPhase section */
		D32B1D412886E9C800DAE92E /* Frameworks */ = {
			isa = PBXFrameworksBuildPhase;
			buildActionMask = 2147483647;
			files = (
			);
			runOnlyForDeploymentPostprocessing = 0;
		};
		D32B1D572886E9CA00DAE92E /* Frameworks */ = {
			isa = PBXFrameworksBuildPhase;
			buildActionMask = 2147483647;
			files = (
			);
			runOnlyForDeploymentPostprocessing = 0;
		};
		D32B1D612886E9CA00DAE92E /* Frameworks */ = {
			isa = PBXFrameworksBuildPhase;
			buildActionMask = 2147483647;
			files = (
			);
			runOnlyForDeploymentPostprocessing = 0;
		};
/* End PBXFrameworksBuildPhase section */

/* Begin PBXGroup section */
		D32B1D3B2886E9C800DAE92E = {
			isa = PBXGroup;
			children = (
				D32B1D462886E9C800DAE92E /* Yemek Tarifi */,
				D32B1D5D2886E9CA00DAE92E /* Yemek TarifiTests */,
				D32B1D672886E9CA00DAE92E /* Yemek TarifiUITests */,
				D32B1D452886E9C800DAE92E /* Products */,
			);
			sourceTree = "<group>";
		};
		D32B1D452886E9C800DAE92E /* Products */ = {
			isa = PBXGroup;
			children = (
				D32B1D442886E9C800DAE92E /* Yemek Tarifi.app */,
				D32B1D5A2886E9CA00DAE92E /* Yemek TarifiTests.xctest */,
				D32B1D642886E9CA00DAE92E /* Yemek TarifiUITests.xctest */,
			);
			name = Products;
			sourceTree = "<group>";
		};
		D32B1D462886E9C800DAE92E /* Yemek Tarifi */ = {
			isa = PBXGroup;
			children = (
				D32B1D472886E9C800DAE92E /* AppDelegate.swift */,
				D32B1D492886E9C800DAE92E /* SceneDelegate.swift */,
				D32B1D4B2886E9C800DAE92E /* ViewController.swift */,
				D32B1D4D2886E9C800DAE92E /* Main.storyboard */,
				D32B1D502886E9CA00DAE92E /* Assets.xcassets */,
				D32B1D522886E9CA00DAE92E /* LaunchScreen.storyboard */,
				D32B1D552886E9CA00DAE92E /* Info.plist */,
			);
			path = "Yemek Tarifi";
			sourceTree = "<group>";
		};
		D32B1D5D2886E9CA00DAE92E /* Yemek TarifiTests */ = {
			isa = PBXGroup;
			children = (
				D32B1D5E2886E9CA00DAE92E /* Yemek_TarifiTests.swift */,
			);
			path = "Yemek TarifiTests";
			sourceTree = "<group>";
		};
		D32B1D672886E9CA00DAE92E /* Yemek TarifiUITests */ = {
			isa = PBXGroup;
			children = (
				D32B1D682886E9CA00DAE92E /* Yemek_TarifiUITests.swift */,
				D32B1D6A2886E9CA00DAE92E /* Yemek_TarifiUITestsLaunchTests.swift */,
			);
			path = "Yemek TarifiUITests";
			sourceTree = "<group>";
		};
/* End PBXGroup section */

/* Begin PBXNativeTarget section */
		D32B1D432886E9C800DAE92E /* Yemek Tarifi */ = {
			isa = PBXNativeTarget;
			buildConfigurationList = D32B1D6E2886E9CA00DAE92E /* Build configuration list for PBXNativeTarget "Yemek Tarifi" */;
			buildPhases = (
				D32B1D402886E9C800DAE92E /* Sources */,
				D32B1D412886E9C800DAE92E /* Frameworks */,
				D32B1D422886E9C800DAE92E /* Resources */,
			);
			buildRules = (
			);
			dependencies = (
			);
			name = "Yemek Tarifi";
			productName = "Yemek Tarifi";
			productReference = D32B1D442886E9C800DAE92E /* Yemek Tarifi.app */;
			productType = "com.apple.product-type.application";
		};
		D32B1D592886E9CA00DAE92E /* Yemek TarifiTests */ = {
			isa = PBXNativeTarget;
			buildConfigurationList = D32B1D712886E9CA00DAE92E /* Build configuration list for PBXNativeTarget "Yemek TarifiTests" */;
			buildPhases = (
				D32B1D562886E9CA00DAE92E /* Sources */,
				D32B1D572886E9CA00DAE92E /* Frameworks */,
				D32B1D582886E9CA00DAE92E /* Resources */,
			);
			buildRules = (
			);
			dependencies = (
				D32B1D5C2886E9CA00DAE92E /* PBXTargetDependency */,
			);
			name = "Yemek TarifiTests";
			productName = "Yemek TarifiTests";
			productReference = D32B1D5A2886E9CA00DAE92E /* Yemek TarifiTests.xctest */;
			productType = "com.apple.product-type.bundle.unit-test";
		};
		D32B1D632886E9CA00DAE92E /* Yemek TarifiUITests */ = {
			isa = PBXNativeTarget;
			buildConfigurationList = D32B1D742886E9CA00DAE92E /* Build configuration list for PBXNativeTarget "Yemek TarifiUITests" */;
			buildPhases = (
				D32B1D602886E9CA00DAE92E /* Sources */,
				D32B1D612886E9CA00DAE92E /* Frameworks */,
				D32B1D622886E9CA00DAE92E /* Resources */,
			);
			buildRules = (
			);
			dependencies = (
				D32B1D662886E9CA00DAE92E /* PBXTargetDependency */,
			);
			name = "Yemek TarifiUITests";
			productName = "Yemek TarifiUITests";
			productReference = D32B1D642886E9CA00DAE92E /* Yemek TarifiUITests.xctest */;
			productType = "com.apple.product-type.bundle.ui-testing";
		};
/* End PBXNativeTarget section */

/* Begin PBXProject section */
		D32B1D3C2886E9C800DAE92E /* Project object */ = {
			isa = PBXProject;
			attributes = {
				BuildIndependentTargetsInParallel = 1;
				LastSwiftUpdateCheck = 1340;
				LastUpgradeCheck = 1340;
				TargetAttributes = {
					D32B1D432886E9C800DAE92E = {
						CreatedOnToolsVersion = 13.4.1;
					};
					D32B1D592886E9CA00DAE92E = {
						CreatedOnToolsVersion = 13.4.1;
						TestTargetID = D32B1D432886E9C800DAE92E;
					};
					D32B1D632886E9CA00DAE92E = {
						CreatedOnToolsVersion = 13.4.1;
						TestTargetID = D32B1D432886E9C800DAE92E;
					};
				};
			};
			buildConfigurationList = D32B1D3F2886E9C800DAE92E /* Build configuration list for PBXProject "Yemek Tarifi" */;
			compatibilityVersion = "Xcode 13.0";
			developmentRegion = en;
			hasScannedForEncodings = 0;
			knownRegions = (
				en,
				Base,
			);
			mainGroup = D32B1D3B2886E9C800DAE92E;
			productRefGroup = D32B1D452886E9C800DAE92E /* Products */;
			projectDirPath = "";
			projectRoot = "";
			targets = (
				D32B1D432886E9C800DAE92E /* Yemek Tarifi */,
				D32B1D592886E9CA00DAE92E /* Yemek TarifiTests */,
				D32B1D632886E9CA00DAE92E /* Yemek TarifiUITests */,
			);
		};
/* End PBXProject section */

/* Begin PBXResourcesBuildPhase section */
		D32B1D422886E9C800DAE92E /* Resources */ = {
			isa = PBXResourcesBuildPhase;
			buildActionMask = 2147483647;
			files = (
				D32B1D542886E9CA00DAE92E /* LaunchScreen.storyboard in Resources */,
				D32B1D512886E9CA00DAE92E /* Assets.xcassets in Resources */,
				D32B1D4F2886E9C800DAE92E /* Main.storyboard in Resources */,
			);
			runOnlyForDeploymentPostprocessing = 0;
		};
		D32B1D582886E9CA00DAE92E /* Resources */ = {
			isa = PBXResourcesBuildPhase;
			buildActionMask = 2147483647;
			files = (
			);
			runOnlyForDeploymentPostprocessing = 0;
		};
		D32B1D622886E9CA00DAE92E /* Resources */ = {
			isa = PBXResourcesBuildPhase;
			buildActionMask = 2147483647;
			files = (
			);
			runOnlyForDeploymentPostprocessing = 0;
		};
/* End PBXResourcesBuildPhase section */

/* Begin PBXSourcesBuildPhase section */
		D32B1D402886E9C800DAE92E /* Sources */ = {
			isa = PBXSourcesBuildPhase;
			buildActionMask = 2147483647;
			files = (
				D32B1D4C2886E9C800DAE92E /* ViewController.swift in Sources */,
				D32B1D482886E9C800DAE92E /* AppDelegate.swift in Sources */,
				D32B1D4A2886E9C800DAE92E /* SceneDelegate.swift in Sources */,
			);
			runOnlyForDeploymentPostprocessing = 0;
		};
		D32B1D562886E9CA00DAE92E /* Sources */ = {
			isa = PBXSourcesBuildPhase;
			buildActionMask = 2147483647;
			files = (
				D32B1D5F2886E9CA00DAE92E /* Yemek_TarifiTests.swift in Sources */,
			);
			runOnlyForDeploymentPostprocessing = 0;
		};
		D32B1D602886E9CA00DAE92E /* Sources */ = {
			isa = PBXSourcesBuildPhase;
			buildActionMask = 2147483647;
			files = (
				D32B1D692886E9CA00DAE92E /* Yemek_TarifiUITests.swift in Sources */,
				D32B1D6B2886E9CA00DAE92E /* Yemek_TarifiUITestsLaunchTests.swift in Sources */,
			);
			runOnlyForDeploymentPostprocessing = 0;
		};
/* End PBXSourcesBuildPhase section */

/* Begin PBXTargetDependency section */
		D32B1D5C2886E9CA00DAE92E /* PBXTargetDependency */ = {
			isa = PBXTargetDependency;
			target = D32B1D432886E9C800DAE92E /* Yemek Tarifi */;
			targetProxy = D32B1D5B2886E9CA00DAE92E /* PBXContainerItemProxy */;
		};
		D32B1D662886E9CA00DAE92E /* PBXTargetDependency */ = {
			isa = PBXTargetDependency;
			target = D32B1D432886E9C800DAE92E /* Yemek Tarifi */;
			targetProxy = D32B1D652886E9CA00DAE92E /* PBXContainerItemProxy */;
		};
/* End PBXTargetDependency section */

/* Begin PBXVariantGroup section */
		D32B1D4D2886E9C800DAE92E /* Main.storyboard */ = {
			isa = PBXVariantGroup;
			children = (
				D32B1D4E2886E9C800DAE92E /* Base */,
			);
			name = Main.storyboard;
			sourceTree = "<group>";
		};
		D32B1D522886E9CA00DAE92E /* LaunchScreen.storyboard */ = {
			isa = PBXVariantGroup;
			children = (
				D32B1D532886E9CA00DAE92E /* Base */,
			);
			name = LaunchScreen.storyboard;
			sourceTree = "<group>";
		};
/* End PBXVariantGroup section */

/* Begin XCBuildConfiguration section */
		D32B1D6C2886E9CA00DAE92E /* Debug */ = {
			isa = XCBuildConfiguration;
			buildSettings = {
				ALWAYS_SEARCH_USER_PATHS = NO;
				CLANG_ANALYZER_NONNULL = YES;
				CLANG_ANALYZER_NUMBER_OBJECT_CONVERSION = YES_AGGRESSIVE;
				CLANG_CXX_LANGUAGE_STANDARD = "gnu++17";
				CLANG_ENABLE_MODULES = YES;
				CLANG_ENABLE_OBJC_ARC = YES;
				CLANG_ENABLE_OBJC_WEAK = YES;
				CLANG_WARN_BLOCK_CAPTURE_AUTORELEASING = YES;
				CLANG_WARN_BOOL_CONVERSION = YES;
				CLANG_WARN_COMMA = YES;
				CLANG_WARN_CONSTANT_CONVERSION = YES;
				CLANG_WARN_DEPRECATED_OBJC_IMPLEMENTATIONS = YES;
				CLANG_WARN_DIRECT_OBJC_ISA_USAGE = YES_ERROR;
				CLANG_WARN_DOCUMENTATION_COMMENTS = YES;
				CLANG_WARN_EMPTY_BODY = YES;
				CLANG_WARN_ENUM_CONVERSION = YES;
				CLANG_WARN_INFINITE_RECURSION = YES;
				CLANG_WARN_INT_CONVERSION = YES;
				CLANG_WARN_NON_LITERAL_NULL_CONVERSION = YES;
				CLANG_WARN_OBJC_IMPLICIT_RETAIN_SELF = YES;
				CLANG_WARN_OBJC_LITERAL_CONVERSION = YES;
				CLANG_WARN_OBJC_ROOT_CLASS = YES_ERROR;
				CLANG_WARN_QUOTED_INCLUDE_IN_FRAMEWORK_HEADER = YES;
				CLANG_WARN_RANGE_LOOP_ANALYSIS = YES;
				CLANG_WARN_STRICT_PROTOTYPES = YES;
				CLANG_WARN_SUSPICIOUS_MOVE = YES;
				CLANG_WARN_UNGUARDED_AVAILABILITY = YES_AGGRESSIVE;
				CLANG_WARN_UNREACHABLE_CODE = YES;
				CLANG_WARN__DUPLICATE_METHOD_MATCH = YES;
				COPY_PHASE_STRIP = NO;
				DEBUG_INFORMATION_FORMAT = dwarf;
				ENABLE_STRICT_OBJC_MSGSEND = YES;
				ENABLE_TESTABILITY = YES;
				GCC_C_LANGUAGE_STANDARD = gnu11;
				GCC_DYNAMIC_NO_PIC = NO;
				GCC_NO_COMMON_BLOCKS = YES;
				GCC_OPTIMIZATION_LEVEL = 0;
				GCC_PREPROCESSOR_DEFINITIONS = (
					"DEBUG=1",
					"$(inherited)",
				);
				GCC_WARN_64_TO_32_BIT_CONVERSION = YES;
				GCC_WARN_ABOUT_RETURN_TYPE = YES_ERROR;
				GCC_WARN_UNDECLARED_SELECTOR = YES;
				GCC_WARN_UNINITIALIZED_AUTOS = YES_AGGRESSIVE;
				GCC_WARN_UNUSED_FUNCTION = YES;
				GCC_WARN_UNUSED_VARIABLE = YES;
				IPHONEOS_DEPLOYMENT_TARGET = 15.5;
				MTL_ENABLE_DEBUG_INFO = INCLUDE_SOURCE;
				MTL_FAST_MATH = YES;
				ONLY_ACTIVE_ARCH = YES;
				SDKROOT = iphoneos;
				SWIFT_ACTIVE_COMPILATION_CONDITIONS = DEBUG;
				SWIFT_OPTIMIZATION_LEVEL = "-Onone";
			};
			name = Debug;
		};
		D32B1D6D2886E9CA00DAE92E /* Release */ = {
			isa = XCBuildConfiguration;
			buildSettings = {
				ALWAYS_SEARCH_USER_PATHS = NO;
				CLANG_ANALYZER_NONNULL = YES;
				CLANG_ANALYZER_NUMBER_OBJECT_CONVERSION = YES_AGGRESSIVE;
				CLANG_CXX_LANGUAGE_STANDARD = "gnu++17";
				CLANG_ENABLE_MODULES = YES;
				CLANG_ENABLE_OBJC_ARC = YES;
				CLANG_ENABLE_OBJC_WEAK = YES;
				CLANG_WARN_BLOCK_CAPTURE_AUTORELEASING = YES;
				CLANG_WARN_BOOL_CONVERSION = YES;
				CLANG_WARN_COMMA = YES;
				CLANG_WARN_CONSTANT_CONVERSION = YES;
				CLANG_WARN_DEPRECATED_OBJC_IMPLEMENTATIONS = YES;
				CLANG_WARN_DIRECT_OBJC_ISA_USAGE = YES_ERROR;
				CLANG_WARN_DOCUMENTATION_COMMENTS = YES;
				CLANG_WARN_EMPTY_BODY = YES;
				CLANG_WARN_ENUM_CONVERSION = YES;
				CLANG_WARN_INFINITE_RECURSION = YES;
				CLANG_WARN_INT_CONVERSION = YES;
				CLANG_WARN_NON_LITERAL_NULL_CONVERSION = YES;
				CLANG_WARN_OBJC_IMPLICIT_RETAIN_SELF = YES;
				CLANG_WARN_OBJC_LITERAL_CONVERSION = YES;
				CLANG_WARN_OBJC_ROOT_CLASS = YES_ERROR;
				CLANG_WARN_QUOTED_INCLUDE_IN_FRAMEWORK_HEADER = YES;
				CLANG_WARN_RANGE_LOOP_ANALYSIS = YES;
				CLANG_WARN_STRICT_PROTOTYPES = YES;
				CLANG_WARN_SUSPICIOUS_MOVE = YES;
				CLANG_WARN_UNGUARDED_AVAILABILITY = YES_AGGRESSIVE;
				CLANG_WARN_UNREACHABLE_CODE = YES;
				CLANG_WARN__DUPLICATE_METHOD_MATCH = YES;
				COPY_PHASE_STRIP = NO;
				DEBUG_INFORMATION_FORMAT = "dwarf-with-dsym";
				ENABLE_NS_ASSERTIONS = NO;
				ENABLE_STRICT_OBJC_MSGSEND = YES;
				GCC_C_LANGUAGE_STANDARD = gnu11;
				GCC_NO_COMMON_BLOCKS = YES;
				GCC_WARN_64_TO_32_BIT_CONVERSION = YES;
				GCC_WARN_ABOUT_RETURN_TYPE = YES_ERROR;
				GCC_WARN_UNDECLARED_SELECTOR = YES;
				GCC_WARN_UNINITIALIZED_AUTOS = YES_AGGRESSIVE;
				GCC_WARN_UNUSED_FUNCTION = YES;
				GCC_WARN_UNUSED_VARIABLE = YES;
				IPHONEOS_DEPLOYMENT_TARGET = 15.5;
				MTL_ENABLE_DEBUG_INFO = NO;
				MTL_FAST_MATH = YES;
				SDKROOT = iphoneos;
				SWIFT_COMPILATION_MODE = wholemodule;
				SWIFT_OPTIMIZATION_LEVEL = "-O";
				VALIDATE_PRODUCT = YES;
			};
			name = Release;
		};
		D32B1D6F2886E9CA00DAE92E /* Debug */ = {
			isa = XCBuildConfiguration;
			buildSettings = {
				ASSETCATALOG_COMPILER_APPICON_NAME = AppIcon;
				ASSETCATALOG_COMPILER_GLOBAL_ACCENT_COLOR_NAME = AccentColor;
				CODE_SIGN_STYLE = Automatic;
				CURRENT_PROJECT_VERSION = 1;
				GENERATE_INFOPLIST_FILE = YES;
				INFOPLIST_FILE = "Yemek Tarifi/Info.plist";
				INFOPLIST_KEY_UIApplicationSupportsIndirectInputEvents = YES;
				INFOPLIST_KEY_UILaunchStoryboardName = LaunchScreen;
				INFOPLIST_KEY_UIMainStoryboardFile = Main;
				INFOPLIST_KEY_UISupportedInterfaceOrientations_iPad = "UIInterfaceOrientationPortrait UIInterfaceOrientationPortraitUpsideDown UIInterfaceOrientationLandscapeLeft UIInterfaceOrientationLandscapeRight";
				INFOPLIST_KEY_UISupportedInterfaceOrientations_iPhone = "UIInterfaceOrientationPortrait UIInterfaceOrientationLandscapeLeft UIInterfaceOrientationLandscapeRight";
				LD_RUNPATH_SEARCH_PATHS = (
					"$(inherited)",
					"@executable_path/Frameworks",
				);
				MARKETING_VERSION = 1.0;
				PRODUCT_BUNDLE_IDENTIFIER = "info.Yemek-Tarifi";
				PRODUCT_NAME = "$(TARGET_NAME)";
				SWIFT_EMIT_LOC_STRINGS = YES;
				SWIFT_VERSION = 5.0;
				TARGETED_DEVICE_FAMILY = "1,2";
			};
			name = Debug;
		};
		D32B1D702886E9CA00DAE92E /* Release */ = {
			isa = XCBuildConfiguration;
			buildSettings = {
				ASSETCATALOG_COMPILER_APPICON_NAME = AppIcon;
				ASSETCATALOG_COMPILER_GLOBAL_ACCENT_COLOR_NAME = AccentColor;
				CODE_SIGN_STYLE = Automatic;
				CURRENT_PROJECT_VERSION = 1;
				GENERATE_INFOPLIST_FILE = YES;
				INFOPLIST_FILE = "Yemek Tarifi/Info.plist";
				INFOPLIST_KEY_UIApplicationSupportsIndirectInputEvents = YES;
				INFOPLIST_KEY_UILaunchStoryboardName = LaunchScreen;
				INFOPLIST_KEY_UIMainStoryboardFile = Main;
				INFOPLIST_KEY_UISupportedInterfaceOrientations_iPad = "UIInterfaceOrientationPortrait UIInterfaceOrientationPortraitUpsideDown UIInterfaceOrientationLandscapeLeft UIInterfaceOrientationLandscapeRight";
				INFOPLIST_KEY_UISupportedInterfaceOrientations_iPhone = "UIInterfaceOrientationPortrait UIInterfaceOrientationLandscapeLeft UIInterfaceOrientationLandscapeRight";
				LD_RUNPATH_SEARCH_PATHS = (
					"$(inherited)",
					"@executable_path/Frameworks",
				);
				MARKETING_VERSION = 1.0;
				PRODUCT_BUNDLE_IDENTIFIER = "info.Yemek-Tarifi";
				PRODUCT_NAME = "$(TARGET_NAME)";
				SWIFT_EMIT_LOC_STRINGS = YES;
				SWIFT_VERSION = 5.0;
				TARGETED_DEVICE_FAMILY = "1,2";
			};
			name = Release;
		};
		D32B1D722886E9CA00DAE92E /* Debug */ = {
			isa = XCBuildConfiguration;
			buildSettings = {
				ALWAYS_EMBED_SWIFT_STANDARD_LIBRARIES = YES;
				BUNDLE_LOADER = "$(TEST_HOST)";
				CODE_SIGN_STYLE = Automatic;
				CURRENT_PROJECT_VERSION = 1;
				GENERATE_INFOPLIST_FILE = YES;
				IPHONEOS_DEPLOYMENT_TARGET = 15.5;
				MARKETING_VERSION = 1.0;
				PRODUCT_BUNDLE_IDENTIFIER = "info.Yemek-TarifiTests";
				PRODUCT_NAME = "$(TARGET_NAME)";
				SWIFT_EMIT_LOC_STRINGS = NO;
				SWIFT_VERSION = 5.0;
				TARGETED_DEVICE_FAMILY = "1,2";
				TEST_HOST = "$(BUILT_PRODUCTS_DIR)/Yemek Tarifi.app/Yemek Tarifi";
			};
			name = Debug;
		};
		D32B1D732886E9CA00DAE92E /* Release */ = {
			isa = XCBuildConfiguration;
			buildSettings = {
				ALWAYS_EMBED_SWIFT_STANDARD_LIBRARIES = YES;
				BUNDLE_LOADER = "$(TEST_HOST)";
				CODE_SIGN_STYLE = Automatic;
				CURRENT_PROJECT_VERSION = 1;
				GENERATE_INFOPLIST_FILE = YES;
				IPHONEOS_DEPLOYMENT_TARGET = 15.5;
				MARKETING_VERSION = 1.0;
				PRODUCT_BUNDLE_IDENTIFIER = "info.Yemek-TarifiTests";
				PRODUCT_NAME = "$(TARGET_NAME)";
				SWIFT_EMIT_LOC_STRINGS = NO;
				SWIFT_VERSION = 5.0;
				TARGETED_DEVICE_FAMILY = "1,2";
				TEST_HOST = "$(BUILT_PRODUCTS_DIR)/Yemek Tarifi.app/Yemek Tarifi";
			};
			name = Release;
		};
		D32B1D752886E9CA00DAE92E /* Debug */ = {
			isa = XCBuildConfiguration;
			buildSettings = {
				ALWAYS_EMBED_SWIFT_STANDARD_LIBRARIES = YES;
				CODE_SIGN_STYLE = Automatic;
				CURRENT_PROJECT_VERSION = 1;
				GENERATE_INFOPLIST_FILE = YES;
				MARKETING_VERSION = 1.0;
				PRODUCT_BUNDLE_IDENTIFIER = "info.Yemek-TarifiUITests";
				PRODUCT_NAME = "$(TARGET_NAME)";
				SWIFT_EMIT_LOC_STRINGS = NO;
				SWIFT_VERSION = 5.0;
				TARGETED_DEVICE_FAMILY = "1,2";
				TEST_TARGET_NAME = "Yemek Tarifi";
			};
			name = Debug;
		};
		D32B1D762886E9CA00DAE92E /* Release */ = {
			isa = XCBuildConfiguration;
			buildSettings = {
				ALWAYS_EMBED_SWIFT_STANDARD_LIBRARIES = YES;
				CODE_SIGN_STYLE = Automatic;
				CURRENT_PROJECT_VERSION = 1;
				GENERATE_INFOPLIST_FILE = YES;
				MARKETING_VERSION = 1.0;
				PRODUCT_BUNDLE_IDENTIFIER = "info.Yemek-TarifiUITests";
				PRODUCT_NAME = "$(TARGET_NAME)";
				SWIFT_EMIT_LOC_STRINGS = NO;
				SWIFT_VERSION = 5.0;
				TARGETED_DEVICE_FAMILY = "1,2";
				TEST_TARGET_NAME = "Yemek Tarifi";
			};
			name = Release;
		};
/* End XCBuildConfiguration section */

/* Begin XCConfigurationList section */
		D32B1D3F2886E9C800DAE92E /* Build configuration list for PBXProject "Yemek Tarifi" */ = {
			isa = XCConfigurationList;
			buildConfigurations = (
				D32B1D6C2886E9CA00DAE92E /* Debug */,
				D32B1D6D2886E9CA00DAE92E /* Release */,
			);
			defaultConfigurationIsVisible = 0;
			defaultConfigurationName = Release;
		};
		D32B1D6E2886E9CA00DAE92E /* Build configuration list for PBXNativeTarget "Yemek Tarifi" */ = {
			isa = XCConfigurationList;
			buildConfigurations = (
				D32B1D6F2886E9CA00DAE92E /* Debug */,
				D32B1D702886E9CA00DAE92E /* Release */,
			);
			defaultConfigurationIsVisible = 0;
			defaultConfigurationName = Release;
		};
		D32B1D712886E9CA00DAE92E /* Build configuration list for PBXNativeTarget "Yemek TarifiTests" */ = {
			isa = XCConfigurationList;
			buildConfigurations = (
				D32B1D722886E9CA00DAE92E /* Debug */,
				D32B1D732886E9CA00DAE92E /* Release */,
			);
			defaultConfigurationIsVisible = 0;
			defaultConfigurationName = Release;
		};
		D32B1D742886E9CA00DAE92E /* Build configuration list for PBXNativeTarget "Yemek TarifiUITests" */ = {
			isa = XCConfigurationList;
			buildConfigurations = (
				D32B1D752886E9CA00DAE92E /* Debug */,
				D32B1D762886E9CA00DAE92E /* Release */,
			);
			defaultConfigurationIsVisible = 0;
			defaultConfigurationName = Release;
		};
/* End XCConfigurationList section */
	};
	rootObject = D32B1D3C2886E9C800DAE92E /* Project object */;
}
